
Microsoft Visual Studio Solution File, Format Version 12.00
# Visual Studio Version 17
VisualStudioVersion = 17.0.32126.317
MinimumVisualStudioVersion = 10.0.40219.1
Project("{FAE04EC0-301F-11D3-BF4B-00C04F79EFBC}") = "NeoVisualizer", "NeoVisualizer.csproj", "{6B343462-107F-4851-BA6F-F509450DA66E}"
EndProject
Global
	GlobalSection(SolutionConfigurationPlatforms) = preSolution
		Debug|Any CPU = Debug|Any CPU
		Release|Any CPU = Release|Any CPU
	EndGlobalSection
	GlobalSection(ProjectConfigurationPlatforms) = postSolution
		{6B343462-107F-4851-BA6F-F509450DA66E}.Debug|Any CPU.ActiveCfg = Debug|Any CPU
		{6B343462-107F-4851-BA6F-F509450DA66E}.Debug|Any CPU.Build.0 = Debug|Any CPU
		{6B343462-107F-4851-BA6F-F509450DA66E}.Release|Any CPU.ActiveCfg = Release|Any CPU
		{6B343462-107F-4851-BA6F-F509450DA66E}.Release|Any CPU.Build.0 = Release|Any CPU
	EndGlobalSection
	GlobalSection(SolutionProperties) = preSolution
		HideSolutionNode = FALSE
	EndGlobalSection
	GlobalSection(ExtensibilityGlobals) = postSolution
		SolutionGuid = {67C4F0C9-2AA0-4D02-8B03-FA1D77E85446}
	EndGlobalSection
EndGlobal
